{
  "version": 1,
  "dependencies": {
    "net8.0": {
      "Microsoft.Extensions.DependencyInjection.Abstractions": {
        "type": "Direct",
        "requested": "[8.0.1, )",
        "resolved": "8.0.1",
        "contentHash": "fGLiCRLMYd00JYpClraLjJTNKLmMJPnqxMaiRzEBIIvevlzxz33mXy39Lkd48hu1G+N21S7QpaO5ZzKsI6FRuA=="
      },
      "Microsoft.Extensions.Logging.Abstractions": {
        "type": "Direct",
        "requested": "[8.0.1, )",
        "resolved": "8.0.1",
        "contentHash": "RIFgaqoaINxkM2KTOw72dmilDmTrYA0ns2KW4lDz4gZ2+o6IQ894CzmdL3StM2oh7QQq44nCWiqKqc4qUI9Jmg==",
        "dependencies": {
          "Microsoft.Extensions.DependencyInjection.Abstractions": "8.0.1"
        }
      },
      "Ulid": {
        "type": "Direct",
        "requested": "[1.3.4, )",
        "resolved": "1.3.4",
        "contentHash": "6IaGquwjjfW+BoHSV844y12Uy2kxbboYNmsibxr2lotcSPAA3LKy1CKcAQ8JOdAdL4xMoDNXA1oxG41w7fbr6Q=="
      }
    }
  }
}